// !$*UTF8*$!
{
	archiveVersion = 1;
	classes = {
	};
	objectVersion = 51;
	objects = {

/* Begin PBXBuildFile section */
		25929C86472D4C39EDCE3306 /* Pods_SignalR_ObjC_Bridge_Swift_SignalR_ObjC_Bridge_SwiftUITests.framework in Frameworks */ = {isa = PBXBuildFile; fileRef = 7EC9845077069D1BC764CB58 /* Pods_SignalR_ObjC_Bridge_Swift_SignalR_ObjC_Bridge_SwiftUITests.framework */; };
		892275CACB1F71C76E7D8438 /* Pods_SignalR_ObjC_Bridge_SwiftTests.framework in Frameworks */ = {isa = PBXBuildFile; fileRef = 6EDBE119932612499212BC35 /* Pods_SignalR_ObjC_Bridge_SwiftTests.framework */; };
		894B1F57805E7C77322FE927 /* Pods_SignalR_ObjC_Bridge_Swift.framework in Frameworks */ = {isa = PBXBuildFile; fileRef = 19E258E67E8B9180BC2FFC1E /* Pods_SignalR_ObjC_Bridge_Swift.framework */; };
		BEA6DC49247E030000660A06 /* AppDelegate.m in Sources */ = {isa = PBXBuildFile; fileRef = BEA6DC48247E030000660A06 /* AppDelegate.m */; };
		BEA6DC4C247E030000660A06 /* SceneDelegate.m in Sources */ = {isa = PBXBuildFile; fileRef = BEA6DC4B247E030000660A06 /* SceneDelegate.m */; };
		BEA6DC4F247E030000660A06 /* ViewController.m in Sources */ = {isa = PBXBuildFile; fileRef = BEA6DC4E247E030000660A06 /* ViewController.m */; };
		BEA6DC52247E030000660A06 /* Main.storyboard in Resources */ = {isa = PBXBuildFile; fileRef = BEA6DC50247E030000660A06 /* Main.storyboard */; };
		BEA6DC54247E030400660A06 /* Assets.xcassets in Resources */ = {isa = PBXBuildFile; fileRef = BEA6DC53247E030400660A06 /* Assets.xcassets */; };
		BEA6DC57247E030400660A06 /* LaunchScreen.storyboard in Resources */ = {isa = PBXBuildFile; fileRef = BEA6DC55247E030400660A06 /* LaunchScreen.storyboard */; };
		BEA6DC5A247E030400660A06 /* main.m in Sources */ = {isa = PBXBuildFile; fileRef = BEA6DC59247E030400660A06 /* main.m */; };
		BEA6DC64247E030500660A06 /* SignalR_ObjC_Bridge_SwiftTests.m in Sources */ = {isa = PBXBuildFile; fileRef = BEA6DC63247E030500660A06 /* SignalR_ObjC_Bridge_SwiftTests.m */; };
		BEA6DC6F247E030500660A06 /* SignalR_ObjC_Bridge_SwiftUITests.m in Sources */ = {isa = PBXBuildFile; fileRef = BEA6DC6E247E030500660A06 /* SignalR_ObjC_Bridge_SwiftUITests.m */; };
		BEA6DC7E247E0DCE00660A06 /* SignalRSwift.swift in Sources */ = {isa = PBXBuildFile; fileRef = BEA6DC7D247E0DCD00660A06 /* SignalRSwift.swift */; };
/* End PBXBuildFile section */

/* Begin PBXContainerItemProxy section */
		BEA6DC60247E030500660A06 /* PBXContainerItemProxy */ = {
			isa = PBXContainerItemProxy;
			containerPortal = BEA6DC3C247E02FF00660A06 /* Project object */;
			proxyType = 1;
			remoteGlobalIDString = BEA6DC43247E030000660A06;
			remoteInfo = "SignalR-ObjC-Bridge-Swift";
		};
		BEA6DC6B247E030500660A06 /* PBXContainerItemProxy */ = {
			isa = PBXContainerItemProxy;
			containerPortal = BEA6DC3C247E02FF00660A06 /* Project object */;
			proxyType = 1;
			remoteGlobalIDString = BEA6DC43247E030000660A06;
			remoteInfo = "SignalR-ObjC-Bridge-Swift";
		};
/* End PBXContainerItemProxy section */

/* Begin PBXFileReference section */
		19E258E67E8B9180BC2FFC1E /* Pods_SignalR_ObjC_Bridge_Swift.framework */ = {isa = PBXFileReference; explicitFileType = wrapper.framework; includeInIndex = 0; path = Pods_SignalR_ObjC_Bridge_Swift.framework; sourceTree = BUILT_PRODUCTS_DIR; };
		4DF1434322BDA0B08D5B2CD6 /* Pods-SignalR-ObjC-Bridge-Swift-SignalR-ObjC-Bridge-SwiftUITests.debug.xcconfig */ = {isa = PBXFileReference; includeInIndex = 1; lastKnownFileType = text.xcconfig; name = "Pods-SignalR-ObjC-Bridge-Swift-SignalR-ObjC-Bridge-SwiftUITests.debug.xcconfig"; path = "Target Support Files/Pods-SignalR-ObjC-Bridge-Swift-SignalR-ObjC-Bridge-SwiftUITests/Pods-SignalR-ObjC-Bridge-Swift-SignalR-ObjC-Bridge-SwiftUITests.debug.xcconfig"; sourceTree = "<group>"; };
		51AB24059154E0F8FAC8510A /* Pods-SignalR-ObjC-Bridge-SwiftTests.release.xcconfig */ = {isa = PBXFileReference; includeInIndex = 1; lastKnownFileType = text.xcconfig; name = "Pods-SignalR-ObjC-Bridge-SwiftTests.release.xcconfig"; path = "Target Support Files/Pods-SignalR-ObjC-Bridge-SwiftTests/Pods-SignalR-ObjC-Bridge-SwiftTests.release.xcconfig"; sourceTree = "<group>"; };
		6EDBE119932612499212BC35 /* Pods_SignalR_ObjC_Bridge_SwiftTests.framework */ = {isa = PBXFileReference; explicitFileType = wrapper.framework; includeInIndex = 0; path = Pods_SignalR_ObjC_Bridge_SwiftTests.framework; sourceTree = BUILT_PRODUCTS_DIR; };
		7EC9845077069D1BC764CB58 /* Pods_SignalR_ObjC_Bridge_Swift_SignalR_ObjC_Bridge_SwiftUITests.framework */ = {isa = PBXFileReference; explicitFileType = wrapper.framework; includeInIndex = 0; path = Pods_SignalR_ObjC_Bridge_Swift_SignalR_ObjC_Bridge_SwiftUITests.framework; sourceTree = BUILT_PRODUCTS_DIR; };
		939B7B5582DD8970FC202FEB /* Pods-SignalR-ObjC-Bridge-Swift.debug.xcconfig */ = {isa = PBXFileReference; includeInIndex = 1; lastKnownFileType = text.xcconfig; name = "Pods-SignalR-ObjC-Bridge-Swift.debug.xcconfig"; path = "Target Support Files/Pods-SignalR-ObjC-Bridge-Swift/Pods-SignalR-ObjC-Bridge-Swift.debug.xcconfig"; sourceTree = "<group>"; };
		9A3068DA45F9DAD260392972 /* Pods-SignalR-ObjC-Bridge-SwiftTests.debug.xcconfig */ = {isa = PBXFileReference; includeInIndex = 1; lastKnownFileType = text.xcconfig; name = "Pods-SignalR-ObjC-Bridge-SwiftTests.debug.xcconfig"; path = "Target Support Files/Pods-SignalR-ObjC-Bridge-SwiftTests/Pods-SignalR-ObjC-Bridge-SwiftTests.debug.xcconfig"; sourceTree = "<group>"; };
		BEA6DC44247E030000660A06 /* SignalRObjCBridgeSwift.app */ = {isa = PBXFileReference; explicitFileType = wrapper.application; includeInIndex = 0; path = SignalRObjCBridgeSwift.app; sourceTree = BUILT_PRODUCTS_DIR; };
		BEA6DC47247E030000660A06 /* AppDelegate.h */ = {isa = PBXFileReference; lastKnownFileType = sourcecode.c.h; path = AppDelegate.h; sourceTree = "<group>"; };
		BEA6DC48247E030000660A06 /* AppDelegate.m */ = {isa = PBXFileReference; lastKnownFileType = sourcecode.c.objc; path = AppDelegate.m; sourceTree = "<group>"; };
		BEA6DC4A247E030000660A06 /* SceneDelegate.h */ = {isa = PBXFileReference; lastKnownFileType = sourcecode.c.h; path = SceneDelegate.h; sourceTree = "<group>"; };
		BEA6DC4B247E030000660A06 /* SceneDelegate.m */ = {isa = PBXFileReference; lastKnownFileType = sourcecode.c.objc; path = SceneDelegate.m; sourceTree = "<group>"; };
		BEA6DC4D247E030000660A06 /* ViewController.h */ = {isa = PBXFileReference; lastKnownFileType = sourcecode.c.h; path = ViewController.h; sourceTree = "<group>"; };
		BEA6DC4E247E030000660A06 /* ViewController.m */ = {isa = PBXFileReference; lastKnownFileType = sourcecode.c.objc; path = ViewController.m; sourceTree = "<group>"; };
		BEA6DC51247E030000660A06 /* Base */ = {isa = PBXFileReference; lastKnownFileType = file.storyboard; name = Base; path = Base.lproj/Main.storyboard; sourceTree = "<group>"; };
		BEA6DC53247E030400660A06 /* Assets.xcassets */ = {isa = PBXFileReference; lastKnownFileType = folder.assetcatalog; path = Assets.xcassets; sourceTree = "<group>"; };
		BEA6DC56247E030400660A06 /* Base */ = {isa = PBXFileReference; lastKnownFileType = file.storyboard; name = Base; path = Base.lproj/LaunchScreen.storyboard; sourceTree = "<group>"; };
		BEA6DC58247E030400660A06 /* Info.plist */ = {isa = PBXFileReference; lastKnownFileType = text.plist.xml; path = Info.plist; sourceTree = "<group>"; };
		BEA6DC59247E030400660A06 /* main.m */ = {isa = PBXFileReference; lastKnownFileType = sourcecode.c.objc; path = main.m; sourceTree = "<group>"; };
		BEA6DC5F247E030500660A06 /* SignalR-ObjC-Bridge-SwiftTests.xctest */ = {isa = PBXFileReference; explicitFileType = wrapper.cfbundle; includeInIndex = 0; path = "SignalR-ObjC-Bridge-SwiftTests.xctest"; sourceTree = BUILT_PRODUCTS_DIR; };
		BEA6DC63247E030500660A06 /* SignalR_ObjC_Bridge_SwiftTests.m */ = {isa = PBXFileReference; lastKnownFileType = sourcecode.c.objc; path = SignalR_ObjC_Bridge_SwiftTests.m; sourceTree = "<group>"; };
		BEA6DC65247E030500660A06 /* Info.plist */ = {isa = PBXFileReference; lastKnownFileType = text.plist.xml; path = Info.plist; sourceTree = "<group>"; };
		BEA6DC6A247E030500660A06 /* SignalR-ObjC-Bridge-SwiftUITests.xctest */ = {isa = PBXFileReference; explicitFileType = wrapper.cfbundle; includeInIndex = 0; path = "SignalR-ObjC-Bridge-SwiftUITests.xctest"; sourceTree = BUILT_PRODUCTS_DIR; };
		BEA6DC6E247E030500660A06 /* SignalR_ObjC_Bridge_SwiftUITests.m */ = {isa = PBXFileReference; lastKnownFileType = sourcecode.c.objc; path = SignalR_ObjC_Bridge_SwiftUITests.m; sourceTree = "<group>"; };
		BEA6DC70247E030500660A06 /* Info.plist */ = {isa = PBXFileReference; lastKnownFileType = text.plist.xml; path = Info.plist; sourceTree = "<group>"; };
		BEA6DC7C247E0DCD00660A06 /* SignalR-ObjC-Bridge-Swift-Bridging-Header.h */ = {isa = PBXFileReference; lastKnownFileType = sourcecode.c.h; path = "SignalR-ObjC-Bridge-Swift-Bridging-Header.h"; sourceTree = "<group>"; };
		BEA6DC7D247E0DCD00660A06 /* SignalRSwift.swift */ = {isa = PBXFileReference; lastKnownFileType = sourcecode.swift; path = SignalRSwift.swift; sourceTree = "<group>"; };
		CD2213FF12B7E8E3082CCC55 /* Pods-SignalR-ObjC-Bridge-Swift.release.xcconfig */ = {isa = PBXFileReference; includeInIndex = 1; lastKnownFileType = text.xcconfig; name = "Pods-SignalR-ObjC-Bridge-Swift.release.xcconfig"; path = "Target Support Files/Pods-SignalR-ObjC-Bridge-Swift/Pods-SignalR-ObjC-Bridge-Swift.release.xcconfig"; sourceTree = "<group>"; };
		D722BA15681B5638F188696A /* Pods-SignalR-ObjC-Bridge-Swift-SignalR-ObjC-Bridge-SwiftUITests.release.xcconfig */ = {isa = PBXFileReference; includeInIndex = 1; lastKnownFileType = text.xcconfig; name = "Pods-SignalR-ObjC-Bridge-Swift-SignalR-ObjC-Bridge-SwiftUITests.release.xcconfig"; path = "Target Support Files/Pods-SignalR-ObjC-Bridge-Swift-SignalR-ObjC-Bridge-SwiftUITests/Pods-SignalR-ObjC-Bridge-Swift-SignalR-ObjC-Bridge-SwiftUITests.release.xcconfig"; sourceTree = "<group>"; };
/* End PBXFileReference section */

/* Begin PBXFrameworksBuildPhase section */
		BEA6DC41247E030000660A06 /* Frameworks */ = {
			isa = PBXFrameworksBuildPhase;
			buildActionMask = 2147483647;
			files = (
				894B1F57805E7C77322FE927 /* Pods_SignalR_ObjC_Bridge_Swift.framework in Frameworks */,
			);
			runOnlyForDeploymentPostprocessing = 0;
		};
		BEA6DC5C247E030500660A06 /* Frameworks */ = {
			isa = PBXFrameworksBuildPhase;
			buildActionMask = 2147483647;
			files = (
				892275CACB1F71C76E7D8438 /* Pods_SignalR_ObjC_Bridge_SwiftTests.framework in Frameworks */,
			);
			runOnlyForDeploymentPostprocessing = 0;
		};
		BEA6DC67247E030500660A06 /* Frameworks */ = {
			isa = PBXFrameworksBuildPhase;
			buildActionMask = 2147483647;
			files = (
				25929C86472D4C39EDCE3306 /* Pods_SignalR_ObjC_Bridge_Swift_SignalR_ObjC_Bridge_SwiftUITests.framework in Frameworks */,
			);
			runOnlyForDeploymentPostprocessing = 0;
		};
/* End PBXFrameworksBuildPhase section */

/* Begin PBXGroup section */
		3E8CA085A3424B929214AFEA /* Pods */ = {
			isa = PBXGroup;
			children = (
				939B7B5582DD8970FC202FEB /* Pods-SignalR-ObjC-Bridge-Swift.debug.xcconfig */,
				CD2213FF12B7E8E3082CCC55 /* Pods-SignalR-ObjC-Bridge-Swift.release.xcconfig */,
				4DF1434322BDA0B08D5B2CD6 /* Pods-SignalR-ObjC-Bridge-Swift-SignalR-ObjC-Bridge-SwiftUITests.debug.xcconfig */,
				D722BA15681B5638F188696A /* Pods-SignalR-ObjC-Bridge-Swift-SignalR-ObjC-Bridge-SwiftUITests.release.xcconfig */,
				9A3068DA45F9DAD260392972 /* Pods-SignalR-ObjC-Bridge-SwiftTests.debug.xcconfig */,
				51AB24059154E0F8FAC8510A /* Pods-SignalR-ObjC-Bridge-SwiftTests.release.xcconfig */,
			);
			path = Pods;
			sourceTree = "<group>";
		};
		BEA6DC3B247E02FF00660A06 = {
			isa = PBXGroup;
			children = (
				BEA6DC46247E030000660A06 /* SignalR-ObjC-Bridge-Swift */,
				BEA6DC62247E030500660A06 /* SignalR-ObjC-Bridge-SwiftTests */,
				BEA6DC6D247E030500660A06 /* SignalR-ObjC-Bridge-SwiftUITests */,
				BEA6DC45247E030000660A06 /* Products */,
				3E8CA085A3424B929214AFEA /* Pods */,
				C5D887B9D8C2AA3319D0A328 /* Frameworks */,
			);
			sourceTree = "<group>";
		};
		BEA6DC45247E030000660A06 /* Products */ = {
			isa = PBXGroup;
			children = (
				BEA6DC44247E030000660A06 /* SignalRObjCBridgeSwift.app */,
				BEA6DC5F247E030500660A06 /* SignalR-ObjC-Bridge-SwiftTests.xctest */,
				BEA6DC6A247E030500660A06 /* SignalR-ObjC-Bridge-SwiftUITests.xctest */,
			);
			name = Products;
			sourceTree = "<group>";
		};
		BEA6DC46247E030000660A06 /* SignalR-ObjC-Bridge-Swift */ = {
			isa = PBXGroup;
			children = (
				BEA6DC47247E030000660A06 /* AppDelegate.h */,
				BEA6DC48247E030000660A06 /* AppDelegate.m */,
				BEA6DC4A247E030000660A06 /* SceneDelegate.h */,
				BEA6DC4B247E030000660A06 /* SceneDelegate.m */,
				BEA6DC4D247E030000660A06 /* ViewController.h */,
				BEA6DC4E247E030000660A06 /* ViewController.m */,
				BEA6DC50247E030000660A06 /* Main.storyboard */,
				BEA6DC53247E030400660A06 /* Assets.xcassets */,
				BEA6DC55247E030400660A06 /* LaunchScreen.storyboard */,
				BEA6DC58247E030400660A06 /* Info.plist */,
				BEA6DC59247E030400660A06 /* main.m */,
				BEA6DC7D247E0DCD00660A06 /* SignalRSwift.swift */,
				BEA6DC7C247E0DCD00660A06 /* SignalR-ObjC-Bridge-Swift-Bridging-Header.h */,
			);
			path = "SignalR-ObjC-Bridge-Swift";
			sourceTree = "<group>";
		};
		BEA6DC62247E030500660A06 /* SignalR-ObjC-Bridge-SwiftTests */ = {
			isa = PBXGroup;
			children = (
				BEA6DC63247E030500660A06 /* SignalR_ObjC_Bridge_SwiftTests.m */,
				BEA6DC65247E030500660A06 /* Info.plist */,
			);
			path = "SignalR-ObjC-Bridge-SwiftTests";
			sourceTree = "<group>";
		};
		BEA6DC6D247E030500660A06 /* SignalR-ObjC-Bridge-SwiftUITests */ = {
			isa = PBXGroup;
			children = (
				BEA6DC6E247E030500660A06 /* SignalR_ObjC_Bridge_SwiftUITests.m */,
				BEA6DC70247E030500660A06 /* Info.plist */,
			);
			path = "SignalR-ObjC-Bridge-SwiftUITests";
			sourceTree = "<group>";
		};
		C5D887B9D8C2AA3319D0A328 /* Frameworks */ = {
			isa = PBXGroup;
			children = (
				19E258E67E8B9180BC2FFC1E /* Pods_SignalR_ObjC_Bridge_Swift.framework */,
				7EC9845077069D1BC764CB58 /* Pods_SignalR_ObjC_Bridge_Swift_SignalR_ObjC_Bridge_SwiftUITests.framework */,
				6EDBE119932612499212BC35 /* Pods_SignalR_ObjC_Bridge_SwiftTests.framework */,
			);
			name = Frameworks;
			sourceTree = "<group>";
		};
/* End PBXGroup section */

/* Begin PBXNativeTarget section */
		BEA6DC43247E030000660A06 /* SignalR-ObjC-Bridge-Swift */ = {
			isa = PBXNativeTarget;
			buildConfigurationList = BEA6DC73247E030500660A06 /* Build configuration list for PBXNativeTarget "SignalR-ObjC-Bridge-Swift" */;
			buildPhases = (
				EC5A529DE89B8A17D7E4A613 /* [CP] Check Pods Manifest.lock */,
				BEA6DC40247E030000660A06 /* Sources */,
				BEA6DC41247E030000660A06 /* Frameworks */,
				BEA6DC42247E030000660A06 /* Resources */,
				039BC01E3228851CCA6E395A /* [CP] Embed Pods Frameworks */,
			);
			buildRules = (
			);
			dependencies = (
			);
			name = "SignalR-ObjC-Bridge-Swift";
			productName = "SignalR-ObjC-Bridge-Swift";
			productReference = BEA6DC44247E030000660A06 /* SignalRObjCBridgeSwift.app */;
			productType = "com.apple.product-type.application";
		};
		BEA6DC5E247E030500660A06 /* SignalR-ObjC-Bridge-SwiftTests */ = {
			isa = PBXNativeTarget;
			buildConfigurationList = BEA6DC76247E030500660A06 /* Build configuration list for PBXNativeTarget "SignalR-ObjC-Bridge-SwiftTests" */;
			buildPhases = (
				CFFD4CED3F90F784527C3D72 /* [CP] Check Pods Manifest.lock */,
				BEA6DC5B247E030500660A06 /* Sources */,
				BEA6DC5C247E030500660A06 /* Frameworks */,
				BEA6DC5D247E030500660A06 /* Resources */,
			);
			buildRules = (
			);
			dependencies = (
				BEA6DC61247E030500660A06 /* PBXTargetDependency */,
			);
			name = "SignalR-ObjC-Bridge-SwiftTests";
			productName = "SignalR-ObjC-Bridge-SwiftTests";
			productReference = BEA6DC5F247E030500660A06 /* SignalR-ObjC-Bridge-SwiftTests.xctest */;
			productType = "com.apple.product-type.bundle.unit-test";
		};
		BEA6DC69247E030500660A06 /* SignalR-ObjC-Bridge-SwiftUITests */ = {
			isa = PBXNativeTarget;
			buildConfigurationList = BEA6DC79247E030500660A06 /* Build configuration list for PBXNativeTarget "SignalR-ObjC-Bridge-SwiftUITests" */;
			buildPhases = (
				59D69F5FD18D1A944D513328 /* [CP] Check Pods Manifest.lock */,
				BEA6DC66247E030500660A06 /* Sources */,
				BEA6DC67247E030500660A06 /* Frameworks */,
				BEA6DC68247E030500660A06 /* Resources */,
				00F429CE54DD4E6451B94BFB /* [CP] Embed Pods Frameworks */,
			);
			buildRules = (
			);
			dependencies = (
				BEA6DC6C247E030500660A06 /* PBXTargetDependency */,
			);
			name = "SignalR-ObjC-Bridge-SwiftUITests";
			productName = "SignalR-ObjC-Bridge-SwiftUITests";
			productReference = BEA6DC6A247E030500660A06 /* SignalR-ObjC-Bridge-SwiftUITests.xctest */;
			productType = "com.apple.product-type.bundle.ui-testing";
		};
/* End PBXNativeTarget section */

/* Begin PBXProject section */
		BEA6DC3C247E02FF00660A06 /* Project object */ = {
			isa = PBXProject;
			attributes = {
				LastUpgradeCheck = 1150;
				ORGANIZATIONNAME = CoderZY;
				TargetAttributes = {
					BEA6DC43247E030000660A06 = {
						CreatedOnToolsVersion = 11.5;
						LastSwiftMigration = 1150;
					};
					BEA6DC5E247E030500660A06 = {
						CreatedOnToolsVersion = 11.5;
						TestTargetID = BEA6DC43247E030000660A06;
					};
					BEA6DC69247E030500660A06 = {
						CreatedOnToolsVersion = 11.5;
						TestTargetID = BEA6DC43247E030000660A06;
					};
				};
			};
			buildConfigurationList = BEA6DC3F247E02FF00660A06 /* Build configuration list for PBXProject "SignalR-ObjC-Bridge-Swift" */;
			compatibilityVersion = "Xcode 9.3";
			developmentRegion = en;
			hasScannedForEncodings = 0;
			knownRegions = (
				en,
				Base,
			);
			mainGroup = BEA6DC3B247E02FF00660A06;
			productRefGroup = BEA6DC45247E030000660A06 /* Products */;
			projectDirPath = "";
			projectRoot = "";
			targets = (
				BEA6DC43247E030000660A06 /* SignalR-ObjC-Bridge-Swift */,
				BEA6DC5E247E030500660A06 /* SignalR-ObjC-Bridge-SwiftTests */,
				BEA6DC69247E030500660A06 /* SignalR-ObjC-Bridge-SwiftUITests */,
			);
		};
/* End PBXProject section */

/* Begin PBXResourcesBuildPhase section */
		BEA6DC42247E030000660A06 /* Resources */ = {
			isa = PBXResourcesBuildPhase;
			buildActionMask = 2147483647;
			files = (
				BEA6DC57247E030400660A06 /* LaunchScreen.storyboard in Resources */,
				BEA6DC54247E030400660A06 /* Assets.xcassets in Resources */,
				BEA6DC52247E030000660A06 /* Main.storyboard in Resources */,
			);
			runOnlyForDeploymentPostprocessing = 0;
		};
		BEA6DC5D247E030500660A06 /* Resources */ = {
			isa = PBXResourcesBuildPhase;
			buildActionMask = 2147483647;
			files = (
			);
			runOnlyForDeploymentPostprocessing = 0;
		};
		BEA6DC68247E030500660A06 /* Resources */ = {
			isa = PBXResourcesBuildPhase;
			buildActionMask = 2147483647;
			files = (
			);
			runOnlyForDeploymentPostprocessing = 0;
		};
/* End PBXResourcesBuildPhase section */

/* Begin PBXShellScriptBuildPhase section */
		00F429CE54DD4E6451B94BFB /* [CP] Embed Pods Frameworks */ = {
			isa = PBXShellScriptBuildPhase;
			buildActionMask = 2147483647;
			files = (
			);
			inputFileListPaths = (
				"${PODS_ROOT}/Target Support Files/Pods-SignalR-ObjC-Bridge-Swift-SignalR-ObjC-Bridge-SwiftUITests/Pods-SignalR-ObjC-Bridge-Swift-SignalR-ObjC-Bridge-SwiftUITests-frameworks-${CONFIGURATION}-input-files.xcfilelist",
			);
			name = "[CP] Embed Pods Frameworks";
			outputFileListPaths = (
				"${PODS_ROOT}/Target Support Files/Pods-SignalR-ObjC-Bridge-Swift-SignalR-ObjC-Bridge-SwiftUITests/Pods-SignalR-ObjC-Bridge-Swift-SignalR-ObjC-Bridge-SwiftUITests-frameworks-${CONFIGURATION}-output-files.xcfilelist",
			);
			runOnlyForDeploymentPostprocessing = 0;
			shellPath = /bin/sh;
			shellScript = "\"${PODS_ROOT}/Target Support Files/Pods-SignalR-ObjC-Bridge-Swift-SignalR-ObjC-Bridge-SwiftUITests/Pods-SignalR-ObjC-Bridge-Swift-SignalR-ObjC-Bridge-SwiftUITests-frameworks.sh\"\n";
			showEnvVarsInLog = 0;
		};
		039BC01E3228851CCA6E395A /* [CP] Embed Pods Frameworks */ = {
			isa = PBXShellScriptBuildPhase;
			buildActionMask = 2147483647;
			files = (
			);
			inputFileListPaths = (
				"${PODS_ROOT}/Target Support Files/Pods-SignalR-ObjC-Bridge-Swift/Pods-SignalR-ObjC-Bridge-Swift-frameworks-${CONFIGURATION}-input-files.xcfilelist",
			);
			name = "[CP] Embed Pods Frameworks";
			outputFileListPaths = (
				"${PODS_ROOT}/Target Support Files/Pods-SignalR-ObjC-Bridge-Swift/Pods-SignalR-ObjC-Bridge-Swift-frameworks-${CONFIGURATION}-output-files.xcfilelist",
			);
			runOnlyForDeploymentPostprocessing = 0;
			shellPath = /bin/sh;
			shellScript = "\"${PODS_ROOT}/Target Support Files/Pods-SignalR-ObjC-Bridge-Swift/Pods-SignalR-ObjC-Bridge-Swift-frameworks.sh\"\n";
			showEnvVarsInLog = 0;
		};
		59D69F5FD18D1A944D513328 /* [CP] Check Pods Manifest.lock */ = {
			isa = PBXShellScriptBuildPhase;
			buildActionMask = 2147483647;
			files = (
			);
			inputFileListPaths = (
			);
			inputPaths = (
				"${PODS_PODFILE_DIR_PATH}/Podfile.lock",
				"${PODS_ROOT}/Manifest.lock",
			);
			name = "[CP] Check Pods Manifest.lock";
			outputFileListPaths = (
			);
			outputPaths = (
				"$(DERIVED_FILE_DIR)/Pods-SignalR-ObjC-Bridge-Swift-SignalR-ObjC-Bridge-SwiftUITests-checkManifestLockResult.txt",
			);
			runOnlyForDeploymentPostprocessing = 0;
			shellPath = /bin/sh;
			shellScript = "diff \"${PODS_PODFILE_DIR_PATH}/Podfile.lock\" \"${PODS_ROOT}/Manifest.lock\" > /dev/null\nif [ $? != 0 ] ; then\n    # print error to STDERR\n    echo \"error: The sandbox is not in sync with the Podfile.lock. Run 'pod install' or update your CocoaPods installation.\" >&2\n    exit 1\nfi\n# This output is used by Xcode 'outputs' to avoid re-running this script phase.\necho \"SUCCESS\" > \"${SCRIPT_OUTPUT_FILE_0}\"\n";
			showEnvVarsInLog = 0;
		};
		CFFD4CED3F90F784527C3D72 /* [CP] Check Pods Manifest.lock */ = {
			isa = PBXShellScriptBuildPhase;
			buildActionMask = 2147483647;
			files = (
			);
			inputFileListPaths = (
			);
			inputPaths = (
				"${PODS_PODFILE_DIR_PATH}/Podfile.lock",
				"${PODS_ROOT}/Manifest.lock",
			);
			name = "[CP] Check Pods Manifest.lock";
			outputFileListPaths = (
			);
			outputPaths = (
				"$(DERIVED_FILE_DIR)/Pods-SignalR-ObjC-Bridge-SwiftTests-checkManifestLockResult.txt",
			);
			runOnlyForDeploymentPostprocessing = 0;
			shellPath = /bin/sh;
			shellScript = "diff \"${PODS_PODFILE_DIR_PATH}/Podfile.lock\" \"${PODS_ROOT}/Manifest.lock\" > /dev/null\nif [ $? != 0 ] ; then\n    # print error to STDERR\n    echo \"error: The sandbox is not in sync with the Podfile.lock. Run 'pod install' or update your CocoaPods installation.\" >&2\n    exit 1\nfi\n# This output is used by Xcode 'outputs' to avoid re-running this script phase.\necho \"SUCCESS\" > \"${SCRIPT_OUTPUT_FILE_0}\"\n";
			showEnvVarsInLog = 0;
		};
		EC5A529DE89B8A17D7E4A613 /* [CP] Check Pods Manifest.lock */ = {
			isa = PBXShellScriptBuildPhase;
			buildActionMask = 2147483647;
			files = (
			);
			inputFileListPaths = (
			);
			inputPaths = (
				"${PODS_PODFILE_DIR_PATH}/Podfile.lock",
				"${PODS_ROOT}/Manifest.lock",
			);
			name = "[CP] Check Pods Manifest.lock";
			outputFileListPaths = (
			);
			outputPaths = (
				"$(DERIVED_FILE_DIR)/Pods-SignalR-ObjC-Bridge-Swift-checkManifestLockResult.txt",
			);
			runOnlyForDeploymentPostprocessing = 0;
			shellPath = /bin/sh;
			shellScript = "diff \"${PODS_PODFILE_DIR_PATH}/Podfile.lock\" \"${PODS_ROOT}/Manifest.lock\" > /dev/null\nif [ $? != 0 ] ; then\n    # print error to STDERR\n    echo \"error: The sandbox is not in sync with the Podfile.lock. Run 'pod install' or update your CocoaPods installation.\" >&2\n    exit 1\nfi\n# This output is used by Xcode 'outputs' to avoid re-running this script phase.\necho \"SUCCESS\" > \"${SCRIPT_OUTPUT_FILE_0}\"\n";
			showEnvVarsInLog = 0;
		};
/* End PBXShellScriptBuildPhase section */

/* Begin PBXSourcesBuildPhase section */
		BEA6DC40247E030000660A06 /* Sources */ = {
			isa = PBXSourcesBuildPhase;
			buildActionMask = 2147483647;
			files = (
				BEA6DC4F247E030000660A06 /* ViewController.m in Sources */,
				BEA6DC49247E030000660A06 /* AppDelegate.m in Sources */,
				BEA6DC7E247E0DCE00660A06 /* SignalRSwift.swift in Sources */,
				BEA6DC5A247E030400660A06 /* main.m in Sources */,
				BEA6DC4C247E030000660A06 /* SceneDelegate.m in Sources */,
			);
			runOnlyForDeploymentPostprocessing = 0;
		};
		BEA6DC5B247E030500660A06 /* Sources */ = {
			isa = PBXSourcesBuildPhase;
			buildActionMask = 2147483647;
			files = (
				BEA6DC64247E030500660A06 /* SignalR_ObjC_Bridge_SwiftTests.m in Sources */,
			);
			runOnlyForDeploymentPostprocessing = 0;
		};
		BEA6DC66247E030500660A06 /* Sources */ = {
			isa = PBXSourcesBuildPhase;
			buildActionMask = 2147483647;
			files = (
				BEA6DC6F247E030500660A06 /* SignalR_ObjC_Bridge_SwiftUITests.m in Sources */,
			);
			runOnlyForDeploymentPostprocessing = 0;
		};
/* End PBXSourcesBuildPhase section */

/* Begin PBXTargetDependency section */
		BEA6DC61247E030500660A06 /* PBXTargetDependency */ = {
			isa = PBXTargetDependency;
			target = BEA6DC43247E030000660A06 /* SignalR-ObjC-Bridge-Swift */;
			targetProxy = BEA6DC60247E030500660A06 /* PBXContainerItemProxy */;
		};
		BEA6DC6C247E030500660A06 /* PBXTargetDependency */ = {
			isa = PBXTargetDependency;
			target = BEA6DC43247E030000660A06 /* SignalR-ObjC-Bridge-Swift */;
			targetProxy = BEA6DC6B247E030500660A06 /* PBXContainerItemProxy */;
		};
/* End PBXTargetDependency section */

/* Begin PBXVariantGroup section */
		BEA6DC50247E030000660A06 /* Main.storyboard */ = {
			isa = PBXVariantGroup;
			children = (
				BEA6DC51247E030000660A06 /* Base */,
			);
			name = Main.storyboard;
			sourceTree = "<group>";
		};
		BEA6DC55247E030400660A06 /* LaunchScreen.storyboard */ = {
			isa = PBXVariantGroup;
			children = (
				BEA6DC56247E030400660A06 /* Base */,
			);
			name = LaunchScreen.storyboard;
			sourceTree = "<group>";
		};
/* End PBXVariantGroup section */

/* Begin XCBuildConfiguration section */
		BEA6DC71247E030500660A06 /* Debug */ = {
			isa = XCBuildConfiguration;
			buildSettings = {
				ALWAYS_SEARCH_USER_PATHS = NO;
				CLANG_ANALYZER_NONNULL = YES;
				CLANG_ANALYZER_NUMBER_OBJECT_CONVERSION = YES_AGGRESSIVE;
				CLANG_CXX_LANGUAGE_STANDARD = "gnu++14";
				CLANG_CXX_LIBRARY = "libc++";
				CLANG_ENABLE_MODULES = YES;
				CLANG_ENABLE_OBJC_ARC = YES;
				CLANG_ENABLE_OBJC_WEAK = YES;
				CLANG_WARN_BLOCK_CAPTURE_AUTORELEASING = YES;
				CLANG_WARN_BOOL_CONVERSION = YES;
				CLANG_WARN_COMMA = YES;
				CLANG_WARN_CONSTANT_CONVERSION = YES;
				CLANG_WARN_DEPRECATED_OBJC_IMPLEMENTATIONS = YES;
				CLANG_WARN_DIRECT_OBJC_ISA_USAGE = YES_ERROR;
				CLANG_WARN_DOCUMENTATION_COMMENTS = YES;
				CLANG_WARN_EMPTY_BODY = YES;
				CLANG_WARN_ENUM_CONVERSION = YES;
				CLANG_WARN_INFINITE_RECURSION = YES;
				CLANG_WARN_INT_CONVERSION = YES;
				CLANG_WARN_NON_LITERAL_NULL_CONVERSION = YES;
				CLANG_WARN_OBJC_IMPLICIT_RETAIN_SELF = YES;
				CLANG_WARN_OBJC_LITERAL_CONVERSION = YES;
				CLANG_WARN_OBJC_ROOT_CLASS = YES_ERROR;
				CLANG_WARN_RANGE_LOOP_ANALYSIS = YES;
				CLANG_WARN_STRICT_PROTOTYPES = YES;
				CLANG_WARN_SUSPICIOUS_MOVE = YES;
				CLANG_WARN_UNGUARDED_AVAILABILITY = YES_AGGRESSIVE;
				CLANG_WARN_UNREACHABLE_CODE = YES;
				CLANG_WARN__DUPLICATE_METHOD_MATCH = YES;
				COPY_PHASE_STRIP = NO;
				DEBUG_INFORMATION_FORMAT = dwarf;
				ENABLE_STRICT_OBJC_MSGSEND = YES;
				ENABLE_TESTABILITY = YES;
				GCC_C_LANGUAGE_STANDARD = gnu11;
				GCC_DYNAMIC_NO_PIC = NO;
				GCC_NO_COMMON_BLOCKS = YES;
				GCC_OPTIMIZATION_LEVEL = 0;
				GCC_PREPROCESSOR_DEFINITIONS = (
					"DEBUG=1",
					"$(inherited)",
				);
				GCC_WARN_64_TO_32_BIT_CONVERSION = YES;
				GCC_WARN_ABOUT_RETURN_TYPE = YES_ERROR;
				GCC_WARN_UNDECLARED_SELECTOR = YES;
				GCC_WARN_UNINITIALIZED_AUTOS = YES_AGGRESSIVE;
				GCC_WARN_UNUSED_FUNCTION = YES;
				GCC_WARN_UNUSED_VARIABLE = YES;
				IPHONEOS_DEPLOYMENT_TARGET = 13.5;
				MTL_ENABLE_DEBUG_INFO = INCLUDE_SOURCE;
				MTL_FAST_MATH = YES;
				ONLY_ACTIVE_ARCH = YES;
				SDKROOT = iphoneos;
			};
			name = Debug;
		};
		BEA6DC72247E030500660A06 /* Release */ = {
			isa = XCBuildConfiguration;
			buildSettings = {
				ALWAYS_SEARCH_USER_PATHS = NO;
				CLANG_ANALYZER_NONNULL = YES;
				CLANG_ANALYZER_NUMBER_OBJECT_CONVERSION = YES_AGGRESSIVE;
				CLANG_CXX_LANGUAGE_STANDARD = "gnu++14";
				CLANG_CXX_LIBRARY = "libc++";
				CLANG_ENABLE_MODULES = YES;
				CLANG_ENABLE_OBJC_ARC = YES;
				CLANG_ENABLE_OBJC_WEAK = YES;
				CLANG_WARN_BLOCK_CAPTURE_AUTORELEASING = YES;
				CLANG_WARN_BOOL_CONVERSION = YES;
				CLANG_WARN_COMMA = YES;
				CLANG_WARN_CONSTANT_CONVERSION = YES;
				CLANG_WARN_DEPRECATED_OBJC_IMPLEMENTATIONS = YES;
				CLANG_WARN_DIRECT_OBJC_ISA_USAGE = YES_ERROR;
				CLANG_WARN_DOCUMENTATION_COMMENTS = YES;
				CLANG_WARN_EMPTY_BODY = YES;
				CLANG_WARN_ENUM_CONVERSION = YES;
				CLANG_WARN_INFINITE_RECURSION = YES;
				CLANG_WARN_INT_CONVERSION = YES;
				CLANG_WARN_NON_LITERAL_NULL_CONVERSION = YES;
				CLANG_WARN_OBJC_IMPLICIT_RETAIN_SELF = YES;
				CLANG_WARN_OBJC_LITERAL_CONVERSION = YES;
				CLANG_WARN_OBJC_ROOT_CLASS = YES_ERROR;
				CLANG_WARN_RANGE_LOOP_ANALYSIS = YES;
				CLANG_WARN_STRICT_PROTOTYPES = YES;
				CLANG_WARN_SUSPICIOUS_MOVE = YES;
				CLANG_WARN_UNGUARDED_AVAILABILITY = YES_AGGRESSIVE;
				CLANG_WARN_UNREACHABLE_CODE = YES;
				CLANG_WARN__DUPLICATE_METHOD_MATCH = YES;
				COPY_PHASE_STRIP = NO;
				DEBUG_INFORMATION_FORMAT = "dwarf-with-dsym";
				ENABLE_NS_ASSERTIONS = NO;
				ENABLE_STRICT_OBJC_MSGSEND = YES;
				GCC_C_LANGUAGE_STANDARD = gnu11;
				GCC_NO_COMMON_BLOCKS = YES;
				GCC_WARN_64_TO_32_BIT_CONVERSION = YES;
				GCC_WARN_ABOUT_RETURN_TYPE = YES_ERROR;
				GCC_WARN_UNDECLARED_SELECTOR = YES;
				GCC_WARN_UNINITIALIZED_AUTOS = YES_AGGRESSIVE;
				GCC_WARN_UNUSED_FUNCTION = YES;
				GCC_WARN_UNUSED_VARIABLE = YES;
				IPHONEOS_DEPLOYMENT_TARGET = 13.5;
				MTL_ENABLE_DEBUG_INFO = NO;
				MTL_FAST_MATH = YES;
				SDKROOT = iphoneos;
				VALIDATE_PRODUCT = YES;
			};
			name = Release;
		};
		BEA6DC74247E030500660A06 /* Debug */ = {
			isa = XCBuildConfiguration;
			baseConfigurationReference = 939B7B5582DD8970FC202FEB /* Pods-SignalR-ObjC-Bridge-Swift.debug.xcconfig */;
			buildSettings = {
				ASSETCATALOG_COMPILER_APPICON_NAME = AppIcon;
				CLANG_ENABLE_MODULES = YES;
				CODE_SIGN_STYLE = Automatic;
				CURRENT_PROJECT_VERSION = 1.0.0.200527.0;
				DEFINES_MODULE = YES;
				DEVELOPMENT_TEAM = 92BC37UGG8;
				INFOPLIST_FILE = "SignalR-ObjC-Bridge-Swift/Info.plist";
				LD_RUNPATH_SEARCH_PATHS = (
					"$(inherited)",
					"@executable_path/Frameworks",
				);
				MARKETING_VERSION = 1.0.0;
				PRODUCT_BUNDLE_IDENTIFIER = "com.CoderZY.SignalR-ObjC-Bridge-Swift";
				PRODUCT_NAME = SignalRObjCBridgeSwift;
				SWIFT_OBJC_BRIDGING_HEADER = "SignalR-ObjC-Bridge-Swift/SignalR-ObjC-Bridge-Swift-Bridging-Header.h";
				SWIFT_OPTIMIZATION_LEVEL = "-Onone";
				SWIFT_VERSION = 5.0;
				TARGETED_DEVICE_FAMILY = 1;
			};
			name = Debug;
		};
		BEA6DC75247E030500660A06 /* Release */ = {
			isa = XCBuildConfiguration;
			baseConfigurationReference = CD2213FF12B7E8E3082CCC55 /* Pods-SignalR-ObjC-Bridge-Swift.release.xcconfig */;
			buildSettings = {
				ASSETCATALOG_COMPILER_APPICON_NAME = AppIcon;
				CLANG_ENABLE_MODULES = YES;
				CODE_SIGN_STYLE = Automatic;
				CURRENT_PROJECT_VERSION = 1.0.0.200527.0;
				DEFINES_MODULE = YES;
				DEVELOPMENT_TEAM = 92BC37UGG8;
				INFOPLIST_FILE = "SignalR-ObjC-Bridge-Swift/Info.plist";
				LD_RUNPATH_SEARCH_PATHS = (
					"$(inherited)",
					"@executable_path/Frameworks",
				);
				MARKETING_VERSION = 1.0.0;
				PRODUCT_BUNDLE_IDENTIFIER = "com.CoderZY.SignalR-ObjC-Bridge-Swift";
				PRODUCT_NAME = SignalRObjCBridgeSwift;
				SWIFT_OBJC_BRIDGING_HEADER = "SignalR-ObjC-Bridge-Swift/SignalR-ObjC-Bridge-Swift-Bridging-Header.h";
				SWIFT_VERSION = 5.0;
				TARGETED_DEVICE_FAMILY = 1;
			};
			name = Release;
		};
		BEA6DC77247E030500660A06 /* Debug */ = {
			isa = XCBuildConfiguration;
			baseConfigurationReference = 9A3068DA45F9DAD260392972 /* Pods-SignalR-ObjC-Bridge-SwiftTests.debug.xcconfig */;
			buildSettings = {
				ALWAYS_EMBED_SWIFT_STANDARD_LIBRARIES = YES;
				BUNDLE_LOADER = "$(TEST_HOST)";
				CODE_SIGN_STYLE = Automatic;
				DEVELOPMENT_TEAM = 92BC37UGG8;
				INFOPLIST_FILE = "SignalR-ObjC-Bridge-SwiftTests/Info.plist";
				IPHONEOS_DEPLOYMENT_TARGET = 13.5;
				LD_RUNPATH_SEARCH_PATHS = (
					"$(inherited)",
					"@executable_path/Frameworks",
					"@loader_path/Frameworks",
				);
				PRODUCT_BUNDLE_IDENTIFIER = "com.CoderZY.SignalR-ObjC-Bridge-SwiftTests";
				PRODUCT_NAME = "$(TARGET_NAME)";
				TARGETED_DEVICE_FAMILY = "1,2";
				TEST_HOST = "$(BUILT_PRODUCTS_DIR)/SignalR-ObjC-Bridge-Swift.app/SignalR-ObjC-Bridge-Swift";
			};
			name = Debug;
		};
		BEA6DC78247E030500660A06 /* Release */ = {
			isa = XCBuildConfiguration;
			baseConfigurationReference = 51AB24059154E0F8FAC8510A /* Pods-SignalR-ObjC-Bridge-SwiftTests.release.xcconfig */;
			buildSettings = {
				ALWAYS_EMBED_SWIFT_STANDARD_LIBRARIES = YES;
				BUNDLE_LOADER = "$(TEST_HOST)";
				CODE_SIGN_STYLE = Automatic;
				DEVELOPMENT_TEAM = 92BC37UGG8;
				INFOPLIST_FILE = "SignalR-ObjC-Bridge-SwiftTests/Info.plist";
				IPHONEOS_DEPLOYMENT_TARGET = 13.5;
				LD_RUNPATH_SEARCH_PATHS = (
					"$(inherited)",
					"@executable_path/Frameworks",
					"@loader_path/Frameworks",
				);
				PRODUCT_BUNDLE_IDENTIFIER = "com.CoderZY.SignalR-ObjC-Bridge-SwiftTests";
				PRODUCT_NAME = "$(TARGET_NAME)";
				TARGETED_DEVICE_FAMILY = "1,2";
				TEST_HOST = "$(BUILT_PRODUCTS_DIR)/SignalR-ObjC-Bridge-Swift.app/SignalR-ObjC-Bridge-Swift";
			};
			name = Release;
		};
		BEA6DC7A247E030500660A06 /* Debug */ = {
			isa = XCBuildConfiguration;
			baseConfigurationReference = 4DF1434322BDA0B08D5B2CD6 /* Pods-SignalR-ObjC-Bridge-Swift-SignalR-ObjC-Bridge-SwiftUITests.debug.xcconfig */;
			buildSettings = {
				ALWAYS_EMBED_SWIFT_STANDARD_LIBRARIES = YES;
				CODE_SIGN_STYLE = Automatic;
				DEVELOPMENT_TEAM = 92BC37UGG8;
				INFOPLIST_FILE = "SignalR-ObjC-Bridge-SwiftUITests/Info.plist";
				LD_RUNPATH_SEARCH_PATHS = (
					"$(inherited)",
					"@executable_path/Frameworks",
					"@loader_path/Frameworks",
				);
				PRODUCT_BUNDLE_IDENTIFIER = "com.CoderZY.SignalR-ObjC-Bridge-SwiftUITests";
				PRODUCT_NAME = "$(TARGET_NAME)";
				TARGETED_DEVICE_FAMILY = "1,2";
				TEST_TARGET_NAME = "SignalR-ObjC-Bridge-Swift";
			};
			name = Debug;
		};
		BEA6DC7B247E030500660A06 /* Release */ = {
			isa = XCBuildConfiguration;
			baseConfigurationReference = D722BA15681B5638F188696A /* Pods-SignalR-ObjC-Bridge-Swift-SignalR-ObjC-Bridge-SwiftUITests.release.xcconfig */;
			buildSettings = {
				ALWAYS_EMBED_SWIFT_STANDARD_LIBRARIES = YES;
				CODE_SIGN_STYLE = Automatic;
				DEVELOPMENT_TEAM = 92BC37UGG8;
				INFOPLIST_FILE = "SignalR-ObjC-Bridge-SwiftUITests/Info.plist";
				LD_RUNPATH_SEARCH_PATHS = (
					"$(inherited)",
					"@executable_path/Frameworks",
					"@loader_path/Frameworks",
				);
				PRODUCT_BUNDLE_IDENTIFIER = "com.CoderZY.SignalR-ObjC-Bridge-SwiftUITests";
				PRODUCT_NAME = "$(TARGET_NAME)";
				TARGETED_DEVICE_FAMILY = "1,2";
				TEST_TARGET_NAME = "SignalR-ObjC-Bridge-Swift";
			};
			name = Release;
		};
/* End XCBuildConfiguration section */

/* Begin XCConfigurationList section */
		BEA6DC3F247E02FF00660A06 /* Build configuration list for PBXProject "SignalR-ObjC-Bridge-Swift" */ = {
			isa = XCConfigurationList;
			buildConfigurations = (
				BEA6DC71247E030500660A06 /* Debug */,
				BEA6DC72247E030500660A06 /* Release */,
			);
			defaultConfigurationIsVisible = 0;
			defaultConfigurationName = Release;
		};
		BEA6DC73247E030500660A06 /* Build configuration list for PBXNativeTarget "SignalR-ObjC-Bridge-Swift" */ = {
			isa = XCConfigurationList;
			buildConfigurations = (
				BEA6DC74247E030500660A06 /* Debug */,
				BEA6DC75247E030500660A06 /* Release */,
			);
			defaultConfigurationIsVisible = 0;
			defaultConfigurationName = Release;
		};
		BEA6DC76247E030500660A06 /* Build configuration list for PBXNativeTarget "SignalR-ObjC-Bridge-SwiftTests" */ = {
			isa = XCConfigurationList;
			buildConfigurations = (
				BEA6DC77247E030500660A06 /* Debug */,
				BEA6DC78247E030500660A06 /* Release */,
			);
			defaultConfigurationIsVisible = 0;
			defaultConfigurationName = Release;
		};
		BEA6DC79247E030500660A06 /* Build configuration list for PBXNativeTarget "SignalR-ObjC-Bridge-SwiftUITests" */ = {
			isa = XCConfigurationList;
			buildConfigurations = (
				BEA6DC7A247E030500660A06 /* Debug */,
				BEA6DC7B247E030500660A06 /* Release */,
			);
			defaultConfigurationIsVisible = 0;
			defaultConfigurationName = Release;
		};
/* End XCConfigurationList section */
	};
	rootObject = BEA6DC3C247E02FF00660A06 /* Project object */;
}
